{
  "name": "sentiment-crypto-trading-bot",
  "version": "1.0.0",
  "lockfileVersion": 3,
  "requires": true,
  "packages": {
    "": {
      "name": "sentiment-crypto-trading-bot",
      "version": "1.0.0",
      "dependencies": {
        "bybit-api": "^3.7.1",
        "dotenv": "^16.3.1",
        "technicalindicators": "^3.1.0"
      }
    },
    "node_modules/@types/node": {
      "version": "6.14.13",
      "resolved": "https://registry.npmjs.org/@types/node/-/node-6.14.13.tgz",
      "integrity": "sha512-J1F0XJ/9zxlZel5ZlbeSuHW2OpabrUAqpFuC2sm2I3by8sERQ8+KCjNKUcq8QHuzpGMWiJpo9ZxeHrqrP2KzQw=="
    },
    "node_modules/axios": {
      "version": "0.21.4",
      "resolved": "https://registry.npmjs.org/axios/-/axios-0.21.4.tgz",
      "integrity": "sha512-ut5vewkiu8jjGBdqpM44XxjuCjq9LAKeHVmoVfHVzy8eHgxxq8SbAVQNovDA8mVi05kP0Ea/n/UzcSHcTJQfNg==",
      "dependencies": {
        "follow-redirects": "^1.14.0"
      }
    },
    "node_modules/bybit-api": {
      "version": "3.7.1",
      "resolved": "https://registry.npmjs.org/bybit-api/-/bybit-api-3.7.1.tgz",
      "integrity": "sha512-aIvchxPswp6tIt82lA/AAslNPYIKD6jjWKOJ4/vuOZgZYUZHxPZv55YhFeSBE2R9oTGu5Nd0aRxIqSOXkYNpSQ==",
      "dependencies": {
        "axios": "^0.21.0",
        "isomorphic-ws": "^4.0.1",
        "ws": "^7.4.0"
      },
      "funding": {
        "type": "individual",
        "url": "https://github.com/sponsors/tiagosiebler"
      }
    },
    "node_modules/dotenv": {
      "version": "16.3.1",
      "resolved": "https://registry.npmjs.org/dotenv/-/dotenv-16.3.1.tgz",
      "integrity": "sha512-IPzF4w4/Rd94bA9imS68tZBaYyBWSCE47V1RGuMrB94iyTOIEwRmVL2x/4An+6mETpLrKJ5hQkB8W4kFAadeIQ==",
      "engines": {
        "node": ">=12"
      },
      "funding": {
        "url": "https://github.com/motdotla/dotenv?sponsor=1"
      }
    },
    "node_modules/follow-redirects": {
      "version": "1.15.2",
      "resolved": "https://registry.npmjs.org/follow-redirects/-/follow-redirects-1.15.2.tgz",
      "integrity": "sha512-VQLG33o04KaQ8uYi2tVNbdrWp1QWxNNea+nmIB4EVM28v0hmP17z7aG1+wAkNzVq4KeXTq3221ye5qTJP91JwA==",
      "funding": [
        {
          "type": "individual",
          "url": "https://github.com/sponsors/RubenVerborgh"
        }
      ],
      "engines": {
        "node": ">=4.0"
      },
      "peerDependenciesMeta": {
        "debug": {
          "optional": true
        }
      }
    },
    "node_modules/isomorphic-ws": {
      "version": "4.0.1",
      "resolved": "https://registry.npmjs.org/isomorphic-ws/-/isomorphic-ws-4.0.1.tgz",
      "integrity": "sha512-BhBvN2MBpWTaSHdWRb/bwdZJ1WaehQ2L1KngkCkfLUGF0mAWAT1sQUQacEmQ0jXkFw/czDXPNQSL5u2/Krsz1w==",
      "peerDependencies": {
        "ws": "*"
      }
    },
    "node_modules/technicalindicators": {
      "version": "3.1.0",
      "resolved": "https://registry.npmjs.org/technicalindicators/-/technicalindicators-3.1.0.tgz",
      "integrity": "sha512-f16mOc+Y05hNy/of+UbGxhxQQmxUztCiluhsqC5QLUYz4WowUgKde9m6nIjK1Kay0wGHigT0IkOabpp0+22UfA==",
      "dependencies": {
        "@types/node": "^6.0.96"
      }
    },
    "node_modules/ws": {
      "version": "7.5.9",
      "resolved": "https://registry.npmjs.org/ws/-/ws-7.5.9.tgz",
      "integrity": "sha512-F+P9Jil7UiSKSkppIiD94dN07AwvFixvLIj1Og1Rl9GGMuNipJnV9JzjD6XuqmAeiswGvUmNLjr5cFuXwNS77Q==",
      "engines": {
        "node": ">=8.3.0"
      },
      "peerDependencies": {
        "bufferutil": "^4.0.1",
        "utf-8-validate": "^5.0.2"
      },
      "peerDependenciesMeta": {
        "bufferutil": {
          "optional": true
        },
        "utf-8-validate": {
          "optional": true
        }
      }
    }
  }
}
